
Microsoft Visual Studio Solution File, Format Version 12.00
# Visual Studio 15
VisualStudioVersion = 15.0.28307.271
MinimumVisualStudioVersion = 10.0.40219.1
Project("{FAE04EC0-301F-11D3-BF4B-00C04F79EFBC}") = "RangeClass", "RangeClass\RangeClass.csproj", "{DA92EAB0-09F2-4662-B686-95D947AFA9DF}"
EndProject
Project("{FAE04EC0-301F-11D3-BF4B-00C04F79EFBC}") = "ShapesProject", "ShapesProject\ShapesProject.csproj", "{5BC364E9-1713-490C-A4FA-CAF61EE44DE4}"
EndProject
Project("{FAE04EC0-301F-11D3-BF4B-00C04F79EFBC}") = "Vector", "Vector\Vector.csproj", "{9F303A0D-9361-4069-B2D9-B187DC22759B}"
EndProject
Project("{FAE04EC0-301F-11D3-BF4B-00C04F79EFBC}") = "List", "List\List.csproj", "{E32CBFC5-E269-4F74-98EC-3AD369FAEC8E}"
EndProject
Project("{FAE04EC0-301F-11D3-BF4B-00C04F79EFBC}") = "ArrayList", "ArrayList\ArrayList.csproj", "{044B86D2-9677-4474-8027-EF87FCAB772A}"
EndProject
Global
	GlobalSection(SolutionConfigurationPlatforms) = preSolution
		Debug|Any CPU = Debug|Any CPU
		Release|Any CPU = Release|Any CPU
	EndGlobalSection
	GlobalSection(ProjectConfigurationPlatforms) = postSolution
		{DA92EAB0-09F2-4662-B686-95D947AFA9DF}.Debug|Any CPU.ActiveCfg = Debug|Any CPU
		{DA92EAB0-09F2-4662-B686-95D947AFA9DF}.Debug|Any CPU.Build.0 = Debug|Any CPU
		{DA92EAB0-09F2-4662-B686-95D947AFA9DF}.Release|Any CPU.ActiveCfg = Release|Any CPU
		{DA92EAB0-09F2-4662-B686-95D947AFA9DF}.Release|Any CPU.Build.0 = Release|Any CPU
		{5BC364E9-1713-490C-A4FA-CAF61EE44DE4}.Debug|Any CPU.ActiveCfg = Debug|Any CPU
		{5BC364E9-1713-490C-A4FA-CAF61EE44DE4}.Debug|Any CPU.Build.0 = Debug|Any CPU
		{5BC364E9-1713-490C-A4FA-CAF61EE44DE4}.Release|Any CPU.ActiveCfg = Release|Any CPU
		{5BC364E9-1713-490C-A4FA-CAF61EE44DE4}.Release|Any CPU.Build.0 = Release|Any CPU
		{9F303A0D-9361-4069-B2D9-B187DC22759B}.Debug|Any CPU.ActiveCfg = Debug|Any CPU
		{9F303A0D-9361-4069-B2D9-B187DC22759B}.Debug|Any CPU.Build.0 = Debug|Any CPU
		{9F303A0D-9361-4069-B2D9-B187DC22759B}.Release|Any CPU.ActiveCfg = Release|Any CPU
		{9F303A0D-9361-4069-B2D9-B187DC22759B}.Release|Any CPU.Build.0 = Release|Any CPU
		{E32CBFC5-E269-4F74-98EC-3AD369FAEC8E}.Debug|Any CPU.ActiveCfg = Debug|Any CPU
		{E32CBFC5-E269-4F74-98EC-3AD369FAEC8E}.Debug|Any CPU.Build.0 = Debug|Any CPU
		{E32CBFC5-E269-4F74-98EC-3AD369FAEC8E}.Release|Any CPU.ActiveCfg = Release|Any CPU
		{E32CBFC5-E269-4F74-98EC-3AD369FAEC8E}.Release|Any CPU.Build.0 = Release|Any CPU
		{044B86D2-9677-4474-8027-EF87FCAB772A}.Debug|Any CPU.ActiveCfg = Debug|Any CPU
		{044B86D2-9677-4474-8027-EF87FCAB772A}.Debug|Any CPU.Build.0 = Debug|Any CPU
		{044B86D2-9677-4474-8027-EF87FCAB772A}.Release|Any CPU.ActiveCfg = Release|Any CPU
		{044B86D2-9677-4474-8027-EF87FCAB772A}.Release|Any CPU.Build.0 = Release|Any CPU
	EndGlobalSection
	GlobalSection(SolutionProperties) = preSolution
		HideSolutionNode = FALSE
	EndGlobalSection
	GlobalSection(ExtensibilityGlobals) = postSolution
		SolutionGuid = {228AC8A5-4C61-4629-8902-2CA486BD03D2}
	EndGlobalSection
EndGlobal
